// !$*UTF8*$!
{
	archiveVersion = 1;
	classes = {
	};
	objectVersion = 77;
	objects = {

/* Begin PBXBuildFile section */
		2BECC46C2E4FF8E200483260 /* FirebaseCore in Frameworks */ = {isa = PBXBuildFile; productRef = 2BECC46B2E4FF8E200483260 /* FirebaseCore */; };
		2BECC46E2E4FF8E200483260 /* FirebaseFirestore in Frameworks */ = {isa = PBXBuildFile; productRef = 2BECC46D2E4FF8E200483260 /* FirebaseFirestore */; };
/* End PBXBuildFile section */

/* Begin PBXContainerItemProxy section */
		2BBE7EFE2E478E7B000E69E9 /* PBXContainerItemProxy */ = {
			isa = PBXContainerItemProxy;
			containerPortal = 2BBE7EE82E478E7A000E69E9 /* Project object */;
			proxyType = 1;
			remoteGlobalIDString = 2BBE7EEF2E478E7A000E69E9;
			remoteInfo = ChiEAC;
		};
		2BBE7F082E478E7B000E69E9 /* PBXContainerItemProxy */ = {
			isa = PBXContainerItemProxy;
			containerPortal = 2BBE7EE82E478E7A000E69E9 /* Project object */;
			proxyType = 1;
			remoteGlobalIDString = 2BBE7EEF2E478E7A000E69E9;
			remoteInfo = ChiEAC;
		};
/* End PBXContainerItemProxy section */

/* Begin PBXFileReference section */
		2BBE7EF02E478E7A000E69E9 /* ChiEAC.app */ = {isa = PBXFileReference; explicitFileType = wrapper.application; includeInIndex = 0; path = ChiEAC.app; sourceTree = BUILT_PRODUCTS_DIR; };
		2BBE7EFD2E478E7B000E69E9 /* ChiEACTests.xctest */ = {isa = PBXFileReference; explicitFileType = wrapper.cfbundle; includeInIndex = 0; path = ChiEACTests.xctest; sourceTree = BUILT_PRODUCTS_DIR; };
		2BBE7F072E478E7B000E69E9 /* ChiEACUITests.xctest */ = {isa = PBXFileReference; explicitFileType = wrapper.cfbundle; includeInIndex = 0; path = ChiEACUITests.xctest; sourceTree = BUILT_PRODUCTS_DIR; };
/* End PBXFileReference section */

/* Begin PBXFileSystemSynchronizedRootGroup section */
		2BBE7EF22E478E7A000E69E9 /* ChiEAC */ = {
			isa = PBXFileSystemSynchronizedRootGroup;
			path = ChiEAC;
			sourceTree = "<group>";
		};
/* End PBXFileSystemSynchronizedRootGroup section */

/* Begin PBXFrameworksBuildPhase section */
		2BBE7EED2E478E7A000E69E9 /* Frameworks */ = {
			isa = PBXFrameworksBuildPhase;
			buildActionMask = 2147483647;
			files = (
				2BECC46C2E4FF8E200483260 /* FirebaseCore in Frameworks */,
				2BECC46E2E4FF8E200483260 /* FirebaseFirestore in Frameworks */,
			);
			runOnlyForDeploymentPostprocessing = 0;
		};
		2BBE7EFA2E478E7B000E69E9 /* Frameworks */ = {
			isa = PBXFrameworksBuildPhase;
			buildActionMask = 2147483647;
			files = (
			);
			runOnlyForDeploymentPostprocessing = 0;
		};
		2BBE7F042E478E7B000E69E9 /* Frameworks */ = {
			isa = PBXFrameworksBuildPhase;
			buildActionMask = 2147483647;
			files = (
			);
			runOnlyForDeploymentPostprocessing = 0;
		};
/* End PBXFrameworksBuildPhase section */

/* Begin PBXGroup section */
		2BBE7EE72E478E7A000E69E9 = {
			isa = PBXGroup;
			children = (
				2BBE7EF22E478E7A000E69E9 /* ChiEAC */,
				2BBE7EF12E478E7A000E69E9 /* Products */,
			);
			sourceTree = "<group>";
		};
		2BBE7EF12E478E7A000E69E9 /* Products */ = {
			isa = PBXGroup;
			children = (
				2BBE7EF02E478E7A000E69E9 /* ChiEAC.app */,
				2BBE7EFD2E478E7B000E69E9 /* ChiEACTests.xctest */,
				2BBE7F072E478E7B000E69E9 /* ChiEACUITests.xctest */,
			);
			name = Products;
			sourceTree = "<group>";
		};
/* End PBXGroup section */

/* Begin PBXNativeTarget section */
		2BBE7EEF2E478E7A000E69E9 /* ChiEAC */ = {
			isa = PBXNativeTarget;
			buildConfigurationList = 2BBE7F112E478E7B000E69E9 /* Build configuration list for PBXNativeTarget "ChiEAC" */;
			buildPhases = (
				2BBE7EEC2E478E7A000E69E9 /* Sources */,
				2BBE7EED2E478E7A000E69E9 /* Frameworks */,
				2BBE7EEE2E478E7A000E69E9 /* Resources */,
			);
			buildRules = (
			);
			dependencies = (
			);
			fileSystemSynchronizedGroups = (
				2BBE7EF22E478E7A000E69E9 /* ChiEAC */,
			);
			name = ChiEAC;
			packageProductDependencies = (
				2BECC46B2E4FF8E200483260 /* FirebaseCore */,
				2BECC46D2E4FF8E200483260 /* FirebaseFirestore */,
			);
			productName = ChiEAC;
			productReference = 2BBE7EF02E478E7A000E69E9 /* ChiEAC.app */;
			productType = "com.apple.product-type.application";
		};
		2BBE7EFC2E478E7B000E69E9 /* ChiEACTests */ = {
			isa = PBXNativeTarget;
			buildConfigurationList = 2BBE7F142E478E7B000E69E9 /* Build configuration list for PBXNativeTarget "ChiEACTests" */;
			buildPhases = (
				2BBE7EF92E478E7B000E69E9 /* Sources */,
				2BBE7EFA2E478E7B000E69E9 /* Frameworks */,
				2BBE7EFB2E478E7B000E69E9 /* Resources */,
			);
			buildRules = (
			);
			dependencies = (
				2BBE7EFF2E478E7B000E69E9 /* PBXTargetDependency */,
			);
			name = ChiEACTests;
			packageProductDependencies = (
			);
			productName = ChiEACTests;
			productReference = 2BBE7EFD2E478E7B000E69E9 /* ChiEACTests.xctest */;
			productType = "com.apple.product-type.bundle.unit-test";
		};
		2BBE7F062E478E7B000E69E9 /* ChiEACUITests */ = {
			isa = PBXNativeTarget;
			buildConfigurationList = 2BBE7F172E478E7B000E69E9 /* Build configuration list for PBXNativeTarget "ChiEACUITests" */;
			buildPhases = (
				2BBE7F032E478E7B000E69E9 /* Sources */,
				2BBE7F042E478E7B000E69E9 /* Frameworks */,
				2BBE7F052E478E7B000E69E9 /* Resources */,
			);
			buildRules = (
			);
			dependencies = (
				2BBE7F092E478E7B000E69E9 /* PBXTargetDependency */,
			);
			name = ChiEACUITests;
			packageProductDependencies = (
			);
			productName = ChiEACUITests;
			productReference = 2BBE7F072E478E7B000E69E9 /* ChiEACUITests.xctest */;
			productType = "com.apple.product-type.bundle.ui-testing";
		};
/* End PBXNativeTarget section */

/* Begin PBXProject section */
		2BBE7EE82E478E7A000E69E9 /* Project object */ = {
			isa = PBXProject;
			attributes = {
				BuildIndependentTargetsInParallel = 1;
				LastSwiftUpdateCheck = 1640;
				LastUpgradeCheck = 1640;
				TargetAttributes = {
					2BBE7EEF2E478E7A000E69E9 = {
						CreatedOnToolsVersion = 16.4;
					};
					2BBE7EFC2E478E7B000E69E9 = {
						CreatedOnToolsVersion = 16.4;
						TestTargetID = 2BBE7EEF2E478E7A000E69E9;
					};
					2BBE7F062E478E7B000E69E9 = {
						CreatedOnToolsVersion = 16.4;
						TestTargetID = 2BBE7EEF2E478E7A000E69E9;
					};
				};
			};
			buildConfigurationList = 2BBE7EEB2E478E7A000E69E9 /* Build configuration list for PBXProject "ChiEAC" */;
			developmentRegion = en;
			hasScannedForEncodings = 0;
			knownRegions = (
				en,
				Base,
			);
			mainGroup = 2BBE7EE72E478E7A000E69E9;
			minimizedProjectReferenceProxies = 1;
			packageReferences = (
				2BECC46A2E4FF8E200483260 /* XCRemoteSwiftPackageReference "firebase-ios-sdk" */,
			);
			preferredProjectObjectVersion = 77;
			productRefGroup = 2BBE7EF12E478E7A000E69E9 /* Products */;
			projectDirPath = "";
			projectRoot = "";
			targets = (
				2BBE7EEF2E478E7A000E69E9 /* ChiEAC */,
				2BBE7EFC2E478E7B000E69E9 /* ChiEACTests */,
				2BBE7F062E478E7B000E69E9 /* ChiEACUITests */,
			);
		};
/* End PBXProject section */

/* Begin PBXResourcesBuildPhase section */
		2BBE7EEE2E478E7A000E69E9 /* Resources */ = {
			isa = PBXResourcesBuildPhase;
			buildActionMask = 2147483647;
			files = (
			);
			runOnlyForDeploymentPostprocessing = 0;
		};
		2BBE7EFB2E478E7B000E69E9 /* Resources */ = {
			isa = PBXResourcesBuildPhase;
			buildActionMask = 2147483647;
			files = (
			);
			runOnlyForDeploymentPostprocessing = 0;
		};
		2BBE7F052E478E7B000E69E9 /* Resources */ = {
			isa = PBXResourcesBuildPhase;
			buildActionMask = 2147483647;
			files = (
			);
			runOnlyForDeploymentPostprocessing = 0;
		};
/* End PBXResourcesBuildPhase section */

/* Begin PBXSourcesBuildPhase section */
		2BBE7EEC2E478E7A000E69E9 /* Sources */ = {
			isa = PBXSourcesBuildPhase;
			buildActionMask = 2147483647;
			files = (
			);
			runOnlyForDeploymentPostprocessing = 0;
		};
		2BBE7EF92E478E7B000E69E9 /* Sources */ = {
			isa = PBXSourcesBuildPhase;
			buildActionMask = 2147483647;
			files = (
			);
			runOnlyForDeploymentPostprocessing = 0;
		};
		2BBE7F032E478E7B000E69E9 /* Sources */ = {
			isa = PBXSourcesBuildPhase;
			buildActionMask = 2147483647;
			files = (
			);
			runOnlyForDeploymentPostprocessing = 0;
		};
/* End PBXSourcesBuildPhase section */

/* Begin PBXTargetDependency section */
		2BBE7EFF2E478E7B000E69E9 /* PBXTargetDependency */ = {
			isa = PBXTargetDependency;
			target = 2BBE7EEF2E478E7A000E69E9 /* ChiEAC */;
			targetProxy = 2BBE7EFE2E478E7B000E69E9 /* PBXContainerItemProxy */;
		};
		2BBE7F092E478E7B000E69E9 /* PBXTargetDependency */ = {
			isa = PBXTargetDependency;
			target = 2BBE7EEF2E478E7A000E69E9 /* ChiEAC */;
			targetProxy = 2BBE7F082E478E7B000E69E9 /* PBXContainerItemProxy */;
		};
/* End PBXTargetDependency section */

/* Begin XCBuildConfiguration section */
		2BBE7F0F2E478E7B000E69E9 /* Debug */ = {
			isa = XCBuildConfiguration;
			buildSettings = {
				ALWAYS_SEARCH_USER_PATHS = NO;
				ASSETCATALOG_COMPILER_GENERATE_SWIFT_ASSET_SYMBOL_EXTENSIONS = YES;
				CLANG_ANALYZER_NONNULL = YES;
				CLANG_ANALYZER_NUMBER_OBJECT_CONVERSION = YES_AGGRESSIVE;
				CLANG_CXX_LANGUAGE_STANDARD = "gnu++20";
				CLANG_ENABLE_MODULES = YES;
				CLANG_ENABLE_OBJC_ARC = YES;
				CLANG_ENABLE_OBJC_WEAK = YES;
				CLANG_WARN_BLOCK_CAPTURE_AUTORELEASING = YES;
				CLANG_WARN_BOOL_CONVERSION = YES;
				CLANG_WARN_COMMA = YES;
				CLANG_WARN_CONSTANT_CONVERSION = YES;
				CLANG_WARN_DEPRECATED_OBJC_IMPLEMENTATIONS = YES;
				CLANG_WARN_DIRECT_OBJC_ISA_USAGE = YES_ERROR;
				CLANG_WARN_DOCUMENTATION_COMMENTS = YES;
				CLANG_WARN_EMPTY_BODY = YES;
				CLANG_WARN_ENUM_CONVERSION = YES;
				CLANG_WARN_INFINITE_RECURSION = YES;
				CLANG_WARN_INT_CONVERSION = YES;
				CLANG_WARN_NON_LITERAL_NULL_CONVERSION = YES;
				CLANG_WARN_OBJC_IMPLICIT_RETAIN_SELF = YES;
				CLANG_WARN_OBJC_LITERAL_CONVERSION = YES;
				CLANG_WARN_OBJC_ROOT_CLASS = YES_ERROR;
				CLANG_WARN_QUOTED_INCLUDE_IN_FRAMEWORK_HEADER = YES;
				CLANG_WARN_RANGE_LOOP_ANALYSIS = YES;
				CLANG_WARN_STRICT_PROTOTYPES = YES;
				CLANG_WARN_SUSPICIOUS_MOVE = YES;
				CLANG_WARN_UNGUARDED_AVAILABILITY = YES_AGGRESSIVE;
				CLANG_WARN_UNREACHABLE_CODE = YES;
				CLANG_WARN__DUPLICATE_METHOD_MATCH = YES;
				COPY_PHASE_STRIP = NO;
				DEBUG_INFORMATION_FORMAT = dwarf;
				ENABLE_STRICT_OBJC_MSGSEND = YES;
				ENABLE_TESTABILITY = YES;
				ENABLE_USER_SCRIPT_SANDBOXING = YES;
				GCC_C_LANGUAGE_STANDARD = gnu17;
				GCC_DYNAMIC_NO_PIC = NO;
				GCC_NO_COMMON_BLOCKS = YES;
				GCC_OPTIMIZATION_LEVEL = 0;
				GCC_PREPROCESSOR_DEFINITIONS = (
					"DEBUG=1",
					"$(inherited)",
				);
				GCC_WARN_64_TO_32_BIT_CONVERSION = YES;
				GCC_WARN_ABOUT_RETURN_TYPE = YES_ERROR;
				GCC_WARN_UNDECLARED_SELECTOR = YES;
				GCC_WARN_UNINITIALIZED_AUTOS = YES_AGGRESSIVE;
				GCC_WARN_UNUSED_FUNCTION = YES;
				GCC_WARN_UNUSED_VARIABLE = YES;
				IPHONEOS_DEPLOYMENT_TARGET = 18.5;
				LOCALIZATION_PREFERS_STRING_CATALOGS = YES;
				MTL_ENABLE_DEBUG_INFO = INCLUDE_SOURCE;
				MTL_FAST_MATH = YES;
				ONLY_ACTIVE_ARCH = YES;
				SDKROOT = iphoneos;
				SWIFT_ACTIVE_COMPILATION_CONDITIONS = "DEBUG $(inherited)";
				SWIFT_OPTIMIZATION_LEVEL = "-Onone";
			};
			name = Debug;
		};
		2BBE7F102E478E7B000E69E9 /* Release */ = {
			isa = XCBuildConfiguration;
			buildSettings = {
				ALWAYS_SEARCH_USER_PATHS = NO;
				ASSETCATALOG_COMPILER_GENERATE_SWIFT_ASSET_SYMBOL_EXTENSIONS = YES;
				CLANG_ANALYZER_NONNULL = YES;
				CLANG_ANALYZER_NUMBER_OBJECT_CONVERSION = YES_AGGRESSIVE;
				CLANG_CXX_LANGUAGE_STANDARD = "gnu++20";
				CLANG_ENABLE_MODULES = YES;
				CLANG_ENABLE_OBJC_ARC = YES;
				CLANG_ENABLE_OBJC_WEAK = YES;
				CLANG_WARN_BLOCK_CAPTURE_AUTORELEASING = YES;
				CLANG_WARN_BOOL_CONVERSION = YES;
				CLANG_WARN_COMMA = YES;
				CLANG_WARN_CONSTANT_CONVERSION = YES;
				CLANG_WARN_DEPRECATED_OBJC_IMPLEMENTATIONS = YES;
				CLANG_WARN_DIRECT_OBJC_ISA_USAGE = YES_ERROR;
				CLANG_WARN_DOCUMENTATION_COMMENTS = YES;
				CLANG_WARN_EMPTY_BODY = YES;
				CLANG_WARN_ENUM_CONVERSION = YES;
				CLANG_WARN_INFINITE_RECURSION = YES;
				CLANG_WARN_INT_CONVERSION = YES;
				CLANG_WARN_NON_LITERAL_NULL_CONVERSION = YES;
				CLANG_WARN_OBJC_IMPLICIT_RETAIN_SELF = YES;
				CLANG_WARN_OBJC_LITERAL_CONVERSION = YES;
				CLANG_WARN_OBJC_ROOT_CLASS = YES_ERROR;
				CLANG_WARN_QUOTED_INCLUDE_IN_FRAMEWORK_HEADER = YES;
				CLANG_WARN_RANGE_LOOP_ANALYSIS = YES;
				CLANG_WARN_STRICT_PROTOTYPES = YES;
				CLANG_WARN_SUSPICIOUS_MOVE = YES;
				CLANG_WARN_UNGUARDED_AVAILABILITY = YES_AGGRESSIVE;
				CLANG_WARN_UNREACHABLE_CODE = YES;
				CLANG_WARN__DUPLICATE_METHOD_MATCH = YES;
				COPY_PHASE_STRIP = NO;
				DEBUG_INFORMATION_FORMAT = "dwarf-with-dsym";
				ENABLE_NS_ASSERTIONS = NO;
				ENABLE_STRICT_OBJC_MSGSEND = YES;
				ENABLE_USER_SCRIPT_SANDBOXING = YES;
				GCC_C_LANGUAGE_STANDARD = gnu17;
				GCC_NO_COMMON_BLOCKS = YES;
				GCC_WARN_64_TO_32_BIT_CONVERSION = YES;
				GCC_WARN_ABOUT_RETURN_TYPE = YES_ERROR;
				GCC_WARN_UNDECLARED_SELECTOR = YES;
				GCC_WARN_UNINITIALIZED_AUTOS = YES_AGGRESSIVE;
				GCC_WARN_UNUSED_FUNCTION = YES;
				GCC_WARN_UNUSED_VARIABLE = YES;
				IPHONEOS_DEPLOYMENT_TARGET = 18.5;
				LOCALIZATION_PREFERS_STRING_CATALOGS = YES;
				MTL_ENABLE_DEBUG_INFO = NO;
				MTL_FAST_MATH = YES;
				SDKROOT = iphoneos;
				SWIFT_COMPILATION_MODE = wholemodule;
				VALIDATE_PRODUCT = YES;
			};
			name = Release;
		};
		2BBE7F122E478E7B000E69E9 /* Debug */ = {
			isa = XCBuildConfiguration;
			buildSettings = {
				ASSETCATALOG_COMPILER_APPICON_NAME = AppIcon;
				ASSETCATALOG_COMPILER_GLOBAL_ACCENT_COLOR_NAME = AccentColor;
				CODE_SIGN_IDENTITY = "Apple Development";
				CODE_SIGN_STYLE = Automatic;
				CURRENT_PROJECT_VERSION = 1;
				DEVELOPMENT_TEAM = 5CSUNRQ4X3;
				ENABLE_PREVIEWS = YES;
				GENERATE_INFOPLIST_FILE = YES;
				INFOPLIST_KEY_UIApplicationSceneManifest_Generation = YES;
				INFOPLIST_KEY_UIApplicationSupportsIndirectInputEvents = YES;
				INFOPLIST_KEY_UILaunchScreen_Generation = YES;
				INFOPLIST_KEY_UILaunchStoryboardName = LaunchScreen.storyboard;
				INFOPLIST_KEY_UISupportedInterfaceOrientations_iPad = "UIInterfaceOrientationPortrait UIInterfaceOrientationPortraitUpsideDown UIInterfaceOrientationLandscapeLeft UIInterfaceOrientationLandscapeRight";
				INFOPLIST_KEY_UISupportedInterfaceOrientations_iPhone = "UIInterfaceOrientationPortrait UIInterfaceOrientationLandscapeLeft UIInterfaceOrientationLandscapeRight";
				LD_RUNPATH_SEARCH_PATHS = (
					"$(inherited)",
					"@executable_path/Frameworks",
				);
				MARKETING_VERSION = 1.0;
				PRODUCT_BUNDLE_IDENTIFIER = org.chieac.app.ChiEAC;
				PRODUCT_NAME = "$(TARGET_NAME)";
				PROVISIONING_PROFILE_SPECIFIER = "";
				SUPPORTED_PLATFORMS = "iphoneos iphonesimulator";
				SUPPORTS_MACCATALYST = NO;
				SWIFT_EMIT_LOC_STRINGS = YES;
				SWIFT_VERSION = 5.0;
				TARGETED_DEVICE_FAMILY = "1,2";
			};
			name = Debug;
		};
		2BBE7F132E478E7B000E69E9 /* Release */ = {
			isa = XCBuildConfiguration;
			buildSettings = {
				ASSETCATALOG_COMPILER_APPICON_NAME = AppIcon;
				ASSETCATALOG_COMPILER_GLOBAL_ACCENT_COLOR_NAME = AccentColor;
				CODE_SIGN_IDENTITY = "Apple Development";
				CODE_SIGN_STYLE = Automatic;
				CURRENT_PROJECT_VERSION = 1;
				DEVELOPMENT_TEAM = 5CSUNRQ4X3;
				ENABLE_PREVIEWS = YES;
				GENERATE_INFOPLIST_FILE = YES;
				INFOPLIST_KEY_UIApplicationSceneManifest_Generation = YES;
				INFOPLIST_KEY_UIApplicationSupportsIndirectInputEvents = YES;
				INFOPLIST_KEY_UILaunchScreen_Generation = YES;
				INFOPLIST_KEY_UILaunchStoryboardName = LaunchScreen.storyboard;
				INFOPLIST_KEY_UISupportedInterfaceOrientations_iPad = "UIInterfaceOrientationPortrait UIInterfaceOrientationPortraitUpsideDown UIInterfaceOrientationLandscapeLeft UIInterfaceOrientationLandscapeRight";
				INFOPLIST_KEY_UISupportedInterfaceOrientations_iPhone = "UIInterfaceOrientationPortrait UIInterfaceOrientationLandscapeLeft UIInterfaceOrientationLandscapeRight";
				LD_RUNPATH_SEARCH_PATHS = (
					"$(inherited)",
					"@executable_path/Frameworks",
				);
				MARKETING_VERSION = 1.0;
				PRODUCT_BUNDLE_IDENTIFIER = org.chieac.app.ChiEAC;
				PRODUCT_NAME = "$(TARGET_NAME)";
				PROVISIONING_PROFILE_SPECIFIER = "";
				SUPPORTED_PLATFORMS = "iphoneos iphonesimulator";
				SUPPORTS_MACCATALYST = NO;
				SWIFT_EMIT_LOC_STRINGS = YES;
				SWIFT_VERSION = 5.0;
				TARGETED_DEVICE_FAMILY = "1,2";
			};
			name = Release;
		};
		2BBE7F152E478E7B000E69E9 /* Debug */ = {
			isa = XCBuildConfiguration;
			buildSettings = {
				BUNDLE_LOADER = "$(TEST_HOST)";
				CODE_SIGN_STYLE = Automatic;
				CURRENT_PROJECT_VERSION = 1;
				GENERATE_INFOPLIST_FILE = YES;
				IPHONEOS_DEPLOYMENT_TARGET = 18.5;
				MARKETING_VERSION = 1.0;
				PRODUCT_BUNDLE_IDENTIFIER = org.chieac.ChiEACTests;
				PRODUCT_NAME = "$(TARGET_NAME)";
				SWIFT_EMIT_LOC_STRINGS = NO;
				SWIFT_VERSION = 5.0;
				TARGETED_DEVICE_FAMILY = "1,2";
				TEST_HOST = "$(BUILT_PRODUCTS_DIR)/ChiEAC.app/$(BUNDLE_EXECUTABLE_FOLDER_PATH)/ChiEAC";
			};
			name = Debug;
		};
		2BBE7F162E478E7B000E69E9 /* Release */ = {
			isa = XCBuildConfiguration;
			buildSettings = {
				BUNDLE_LOADER = "$(TEST_HOST)";
				CODE_SIGN_STYLE = Automatic;
				CURRENT_PROJECT_VERSION = 1;
				GENERATE_INFOPLIST_FILE = YES;
				IPHONEOS_DEPLOYMENT_TARGET = 18.5;
				MARKETING_VERSION = 1.0;
				PRODUCT_BUNDLE_IDENTIFIER = org.chieac.ChiEACTests;
				PRODUCT_NAME = "$(TARGET_NAME)";
				SWIFT_EMIT_LOC_STRINGS = NO;
				SWIFT_VERSION = 5.0;
				TARGETED_DEVICE_FAMILY = "1,2";
				TEST_HOST = "$(BUILT_PRODUCTS_DIR)/ChiEAC.app/$(BUNDLE_EXECUTABLE_FOLDER_PATH)/ChiEAC";
			};
			name = Release;
		};
		2BBE7F182E478E7B000E69E9 /* Debug */ = {
			isa = XCBuildConfiguration;
			buildSettings = {
				CODE_SIGN_STYLE = Automatic;
				CURRENT_PROJECT_VERSION = 1;
				GENERATE_INFOPLIST_FILE = YES;
				MARKETING_VERSION = 1.0;
				PRODUCT_BUNDLE_IDENTIFIER = org.chieac.ChiEACUITests;
				PRODUCT_NAME = "$(TARGET_NAME)";
				SWIFT_EMIT_LOC_STRINGS = NO;
				SWIFT_VERSION = 5.0;
				TARGETED_DEVICE_FAMILY = "1,2";
				TEST_TARGET_NAME = ChiEAC;
			};
			name = Debug;
		};
		2BBE7F192E478E7B000E69E9 /* Release */ = {
			isa = XCBuildConfiguration;
			buildSettings = {
				CODE_SIGN_STYLE = Automatic;
				CURRENT_PROJECT_VERSION = 1;
				GENERATE_INFOPLIST_FILE = YES;
				MARKETING_VERSION = 1.0;
				PRODUCT_BUNDLE_IDENTIFIER = org.chieac.ChiEACUITests;
				PRODUCT_NAME = "$(TARGET_NAME)";
				SWIFT_EMIT_LOC_STRINGS = NO;
				SWIFT_VERSION = 5.0;
				TARGETED_DEVICE_FAMILY = "1,2";
				TEST_TARGET_NAME = ChiEAC;
			};
			name = Release;
		};
/* End XCBuildConfiguration section */

/* Begin XCConfigurationList section */
		2BBE7EEB2E478E7A000E69E9 /* Build configuration list for PBXProject "ChiEAC" */ = {
			isa = XCConfigurationList;
			buildConfigurations = (
				2BBE7F0F2E478E7B000E69E9 /* Debug */,
				2BBE7F102E478E7B000E69E9 /* Release */,
			);
			defaultConfigurationIsVisible = 0;
			defaultConfigurationName = Release;
		};
		2BBE7F112E478E7B000E69E9 /* Build configuration list for PBXNativeTarget "ChiEAC" */ = {
			isa = XCConfigurationList;
			buildConfigurations = (
				2BBE7F122E478E7B000E69E9 /* Debug */,
				2BBE7F132E478E7B000E69E9 /* Release */,
			);
			defaultConfigurationIsVisible = 0;
			defaultConfigurationName = Release;
		};
		2BBE7F142E478E7B000E69E9 /* Build configuration list for PBXNativeTarget "ChiEACTests" */ = {
			isa = XCConfigurationList;
			buildConfigurations = (
				2BBE7F152E478E7B000E69E9 /* Debug */,
				2BBE7F162E478E7B000E69E9 /* Release */,
			);
			defaultConfigurationIsVisible = 0;
			defaultConfigurationName = Release;
		};
		2BBE7F172E478E7B000E69E9 /* Build configuration list for PBXNativeTarget "ChiEACUITests" */ = {
			isa = XCConfigurationList;
			buildConfigurations = (
				2BBE7F182E478E7B000E69E9 /* Debug */,
				2BBE7F192E478E7B000E69E9 /* Release */,
			);
			defaultConfigurationIsVisible = 0;
			defaultConfigurationName = Release;
		};
/* End XCConfigurationList section */

/* Begin XCRemoteSwiftPackageReference section */
		2BECC46A2E4FF8E200483260 /* XCRemoteSwiftPackageReference "firebase-ios-sdk" */ = {
			isa = XCRemoteSwiftPackageReference;
			repositoryURL = "https://github.com/firebase/firebase-ios-sdk.git";
			requirement = {
				kind = upToNextMajorVersion;
				minimumVersion = 12.1.0;
			};
		};
/* End XCRemoteSwiftPackageReference section */

/* Begin XCSwiftPackageProductDependency section */
		2BECC46B2E4FF8E200483260 /* FirebaseCore */ = {
			isa = XCSwiftPackageProductDependency;
			package = 2BECC46A2E4FF8E200483260 /* XCRemoteSwiftPackageReference "firebase-ios-sdk" */;
			productName = FirebaseCore;
		};
		2BECC46D2E4FF8E200483260 /* FirebaseFirestore */ = {
			isa = XCSwiftPackageProductDependency;
			package = 2BECC46A2E4FF8E200483260 /* XCRemoteSwiftPackageReference "firebase-ios-sdk" */;
			productName = FirebaseFirestore;
		};
/* End XCSwiftPackageProductDependency section */
	};
	rootObject = 2BBE7EE82E478E7A000E69E9 /* Project object */;
}
